{
  "name": "dotfiles",
  "version": "5.2.0",
  "lockfileVersion": 3,
  "requires": true,
  "packages": {
    "": {
      "name": "dotfiles",
      "version": "5.2.0",
      "license": "ISC",
      "dependencies": {
        "async.series": "^0.5.2",
        "inquirer": "^12.7.0",
        "node-emoji": "^2.2.0"
      }
    },
    "node_modules/@inquirer/checkbox": {
      "version": "4.1.9",
      "resolved": "https://registry.npmjs.org/@inquirer/checkbox/-/checkbox-4.1.9.tgz",
      "integrity": "sha512-DBJBkzI5Wx4jFaYm221LHvAhpKYkhVS0k9plqHwaHhofGNxvYB7J3Bz8w+bFJ05zaMb0sZNHo4KdmENQFlNTuQ==",
      "license": "MIT",
      "dependencies": {
        "@inquirer/core": "^10.1.14",
        "@inquirer/figures": "^1.0.12",
        "@inquirer/type": "^3.0.7",
        "ansi-escapes": "^4.3.2",
        "yoctocolors-cjs": "^2.1.2"
      },
      "engines": {
        "node": ">=18"
      },
      "peerDependencies": {
        "@types/node": ">=18"
      },
      "peerDependenciesMeta": {
        "@types/node": {
          "optional": true
        }
      }
    },
    "node_modules/@inquirer/confirm": {
      "version": "5.1.13",
      "resolved": "https://registry.npmjs.org/@inquirer/confirm/-/confirm-5.1.13.tgz",
      "integrity": "sha512-EkCtvp67ICIVVzjsquUiVSd+V5HRGOGQfsqA4E4vMWhYnB7InUL0pa0TIWt1i+OfP16Gkds8CdIu6yGZwOM1Yw==",
      "license": "MIT",
      "dependencies": {
        "@inquirer/core": "^10.1.14",
        "@inquirer/type": "^3.0.7"
      },
      "engines": {
        "node": ">=18"
      },
      "peerDependencies": {
        "@types/node": ">=18"
      },
      "peerDependenciesMeta": {
        "@types/node": {
          "optional": true
        }
      }
    },
    "node_modules/@inquirer/core": {
      "version": "10.1.14",
      "resolved": "https://registry.npmjs.org/@inquirer/core/-/core-10.1.14.tgz",
      "integrity": "sha512-Ma+ZpOJPewtIYl6HZHZckeX1STvDnHTCB2GVINNUlSEn2Am6LddWwfPkIGY0IUFVjUUrr/93XlBwTK6mfLjf0A==",
      "license": "MIT",
      "dependencies": {
        "@inquirer/figures": "^1.0.12",
        "@inquirer/type": "^3.0.7",
        "ansi-escapes": "^4.3.2",
        "cli-width": "^4.1.0",
        "mute-stream": "^2.0.0",
        "signal-exit": "^4.1.0",
        "wrap-ansi": "^6.2.0",
        "yoctocolors-cjs": "^2.1.2"
      },
      "engines": {
        "node": ">=18"
      },
      "peerDependencies": {
        "@types/node": ">=18"
      },
      "peerDependenciesMeta": {
        "@types/node": {
          "optional": true
        }
      }
    },
    "node_modules/@inquirer/editor": {
      "version": "4.2.14",
      "resolved": "https://registry.npmjs.org/@inquirer/editor/-/editor-4.2.14.tgz",
      "integrity": "sha512-yd2qtLl4QIIax9DTMZ1ZN2pFrrj+yL3kgIWxm34SS6uwCr0sIhsNyudUjAo5q3TqI03xx4SEBkUJqZuAInp9uA==",
      "license": "MIT",
      "dependencies": {
        "@inquirer/core": "^10.1.14",
        "@inquirer/type": "^3.0.7",
        "external-editor": "^3.1.0"
      },
      "engines": {
        "node": ">=18"
      },
      "peerDependencies": {
        "@types/node": ">=18"
      },
      "peerDependenciesMeta": {
        "@types/node": {
          "optional": true
        }
      }
    },
    "node_modules/@inquirer/expand": {
      "version": "4.0.16",
      "resolved": "https://registry.npmjs.org/@inquirer/expand/-/expand-4.0.16.tgz",
      "integrity": "sha512-oiDqafWzMtofeJyyGkb1CTPaxUkjIcSxePHHQCfif8t3HV9pHcw1Kgdw3/uGpDvaFfeTluwQtWiqzPVjAqS3zA==",
      "license": "MIT",
      "dependencies": {
        "@inquirer/core": "^10.1.14",
        "@inquirer/type": "^3.0.7",
        "yoctocolors-cjs": "^2.1.2"
      },
      "engines": {
        "node": ">=18"
      },
      "peerDependencies": {
        "@types/node": ">=18"
      },
      "peerDependenciesMeta": {
        "@types/node": {
          "optional": true
        }
      }
    },
    "node_modules/@inquirer/figures": {
      "version": "1.0.12",
      "resolved": "https://registry.npmjs.org/@inquirer/figures/-/figures-1.0.12.tgz",
      "integrity": "sha512-MJttijd8rMFcKJC8NYmprWr6hD3r9Gd9qUC0XwPNwoEPWSMVJwA2MlXxF+nhZZNMY+HXsWa+o7KY2emWYIn0jQ==",
      "license": "MIT",
      "engines": {
        "node": ">=18"
      }
    },
    "node_modules/@inquirer/input": {
      "version": "4.2.0",
      "resolved": "https://registry.npmjs.org/@inquirer/input/-/input-4.2.0.tgz",
      "integrity": "sha512-opqpHPB1NjAmDISi3uvZOTrjEEU5CWVu/HBkDby8t93+6UxYX0Z7Ps0Ltjm5sZiEbWenjubwUkivAEYQmy9xHw==",
      "license": "MIT",
      "dependencies": {
        "@inquirer/core": "^10.1.14",
        "@inquirer/type": "^3.0.7"
      },
      "engines": {
        "node": ">=18"
      },
      "peerDependencies": {
        "@types/node": ">=18"
      },
      "peerDependenciesMeta": {
        "@types/node": {
          "optional": true
        }
      }
    },
    "node_modules/@inquirer/number": {
      "version": "3.0.16",
      "resolved": "https://registry.npmjs.org/@inquirer/number/-/number-3.0.16.tgz",
      "integrity": "sha512-kMrXAaKGavBEoBYUCgualbwA9jWUx2TjMA46ek+pEKy38+LFpL9QHlTd8PO2kWPUgI/KB+qi02o4y2rwXbzr3Q==",
      "license": "MIT",
      "dependencies": {
        "@inquirer/core": "^10.1.14",
        "@inquirer/type": "^3.0.7"
      },
      "engines": {
        "node": ">=18"
      },
      "peerDependencies": {
        "@types/node": ">=18"
      },
      "peerDependenciesMeta": {
        "@types/node": {
          "optional": true
        }
      }
    },
    "node_modules/@inquirer/password": {
      "version": "4.0.16",
      "resolved": "https://registry.npmjs.org/@inquirer/password/-/password-4.0.16.tgz",
      "integrity": "sha512-g8BVNBj5Zeb5/Y3cSN+hDUL7CsIFDIuVxb9EPty3lkxBaYpjL5BNRKSYOF9yOLe+JOcKFd+TSVeADQ4iSY7rbg==",
      "license": "MIT",
      "dependencies": {
        "@inquirer/core": "^10.1.14",
        "@inquirer/type": "^3.0.7",
        "ansi-escapes": "^4.3.2"
      },
      "engines": {
        "node": ">=18"
      },
      "peerDependencies": {
        "@types/node": ">=18"
      },
      "peerDependenciesMeta": {
        "@types/node": {
          "optional": true
        }
      }
    },
    "node_modules/@inquirer/prompts": {
      "version": "7.6.0",
      "resolved": "https://registry.npmjs.org/@inquirer/prompts/-/prompts-7.6.0.tgz",
      "integrity": "sha512-jAhL7tyMxB3Gfwn4HIJ0yuJ5pvcB5maYUcouGcgd/ub79f9MqZ+aVnBtuFf+VC2GTkCBF+R+eo7Vi63w5VZlzw==",
      "license": "MIT",
      "dependencies": {
        "@inquirer/checkbox": "^4.1.9",
        "@inquirer/confirm": "^5.1.13",
        "@inquirer/editor": "^4.2.14",
        "@inquirer/expand": "^4.0.16",
        "@inquirer/input": "^4.2.0",
        "@inquirer/number": "^3.0.16",
        "@inquirer/password": "^4.0.16",
        "@inquirer/rawlist": "^4.1.4",
        "@inquirer/search": "^3.0.16",
        "@inquirer/select": "^4.2.4"
      },
      "engines": {
        "node": ">=18"
      },
      "peerDependencies": {
        "@types/node": ">=18"
      },
      "peerDependenciesMeta": {
        "@types/node": {
          "optional": true
        }
      }
    },
    "node_modules/@inquirer/rawlist": {
      "version": "4.1.4",
      "resolved": "https://registry.npmjs.org/@inquirer/rawlist/-/rawlist-4.1.4.tgz",
      "integrity": "sha512-5GGvxVpXXMmfZNtvWw4IsHpR7RzqAR624xtkPd1NxxlV5M+pShMqzL4oRddRkg8rVEOK9fKdJp1jjVML2Lr7TQ==",
      "license": "MIT",
      "dependencies": {
        "@inquirer/core": "^10.1.14",
        "@inquirer/type": "^3.0.7",
        "yoctocolors-cjs": "^2.1.2"
      },
      "engines": {
        "node": ">=18"
      },
      "peerDependencies": {
        "@types/node": ">=18"
      },
      "peerDependenciesMeta": {
        "@types/node": {
          "optional": true
        }
      }
    },
    "node_modules/@inquirer/search": {
      "version": "3.0.16",
      "resolved": "https://registry.npmjs.org/@inquirer/search/-/search-3.0.16.tgz",
      "integrity": "sha512-POCmXo+j97kTGU6aeRjsPyuCpQQfKcMXdeTMw708ZMtWrj5aykZvlUxH4Qgz3+Y1L/cAVZsSpA+UgZCu2GMOMg==",
      "license": "MIT",
      "dependencies": {
        "@inquirer/core": "^10.1.14",
        "@inquirer/figures": "^1.0.12",
        "@inquirer/type": "^3.0.7",
        "yoctocolors-cjs": "^2.1.2"
      },
      "engines": {
        "node": ">=18"
      },
      "peerDependencies": {
        "@types/node": ">=18"
      },
      "peerDependenciesMeta": {
        "@types/node": {
          "optional": true
        }
      }
    },
    "node_modules/@inquirer/select": {
      "version": "4.2.4",
      "resolved": "https://registry.npmjs.org/@inquirer/select/-/select-4.2.4.tgz",
      "integrity": "sha512-unTppUcTjmnbl/q+h8XeQDhAqIOmwWYWNyiiP2e3orXrg6tOaa5DHXja9PChCSbChOsktyKgOieRZFnajzxoBg==",
      "license": "MIT",
      "dependencies": {
        "@inquirer/core": "^10.1.14",
        "@inquirer/figures": "^1.0.12",
        "@inquirer/type": "^3.0.7",
        "ansi-escapes": "^4.3.2",
        "yoctocolors-cjs": "^2.1.2"
      },
      "engines": {
        "node": ">=18"
      },
      "peerDependencies": {
        "@types/node": ">=18"
      },
      "peerDependenciesMeta": {
        "@types/node": {
          "optional": true
        }
      }
    },
    "node_modules/@inquirer/type": {
      "version": "3.0.7",
      "resolved": "https://registry.npmjs.org/@inquirer/type/-/type-3.0.7.tgz",
      "integrity": "sha512-PfunHQcjwnju84L+ycmcMKB/pTPIngjUJvfnRhKY6FKPuYXlM4aQCb/nIdTFR6BEhMjFvngzvng/vBAJMZpLSA==",
      "license": "MIT",
      "engines": {
        "node": ">=18"
      },
      "peerDependencies": {
        "@types/node": ">=18"
      },
      "peerDependenciesMeta": {
        "@types/node": {
          "optional": true
        }
      }
    },
    "node_modules/@oxlint/darwin-arm64": {
      "version": "1.6.0",
      "resolved": "https://registry.npmjs.org/@oxlint/darwin-arm64/-/darwin-arm64-1.6.0.tgz",
      "integrity": "sha512-m3wyqBh1TOHjpr/dXeIZY7OoX+MQazb+bMHQdDtwUvefrafUx+5YHRvulYh1sZSQ449nQ3nk3qj5qj535vZRjg==",
      "cpu": [
        "arm64"
      ],
      "license": "MIT",
      "optional": true,
      "os": [
        "darwin"
      ]
    },
    "node_modules/@oxlint/darwin-x64": {
      "version": "1.6.0",
      "resolved": "https://registry.npmjs.org/@oxlint/darwin-x64/-/darwin-x64-1.6.0.tgz",
      "integrity": "sha512-75fJfF/9xNypr7cnOYoZBhfmG1yP7ex3pUOeYGakmtZRffO9z1i1quLYhjZsmaDXsAIZ3drMhenYHMmFKS3SRg==",
      "cpu": [
        "x64"
      ],
      "license": "MIT",
      "optional": true,
      "os": [
        "darwin"
      ]
    },
    "node_modules/@oxlint/linux-arm64-gnu": {
      "version": "1.6.0",
      "resolved": "https://registry.npmjs.org/@oxlint/linux-arm64-gnu/-/linux-arm64-gnu-1.6.0.tgz",
      "integrity": "sha512-YhXGf0FXa72bEt4F7eTVKx5X3zWpbAOPnaA/dZ6/g8tGhw1m9IFjrabVHFjzcx3dQny4MgA59EhyElkDvpUe8A==",
      "cpu": [
        "arm64"
      ],
      "license": "MIT",
      "optional": true,
      "os": [
        "linux"
      ]
    },
    "node_modules/@oxlint/linux-arm64-musl": {
      "version": "1.6.0",
      "resolved": "https://registry.npmjs.org/@oxlint/linux-arm64-musl/-/linux-arm64-musl-1.6.0.tgz",
      "integrity": "sha512-T3JDhx8mjGjvh5INsPZJrlKHmZsecgDYvtvussKRdkc1Nnn7WC+jH9sh5qlmYvwzvmetlPVNezAoNvmGO9vtMg==",
      "cpu": [
        "arm64"
      ],
      "license": "MIT",
      "optional": true,
      "os": [
        "linux"
      ]
    },
    "node_modules/@oxlint/linux-x64-gnu": {
      "version": "1.6.0",
      "resolved": "https://registry.npmjs.org/@oxlint/linux-x64-gnu/-/linux-x64-gnu-1.6.0.tgz",
      "integrity": "sha512-Dx7ghtAl8aXBdqofJpi338At6lkeCtTfoinTYQXd9/TEJx+f+zCGNlQO6nJz3ydJBX48FDuOFKkNC+lUlWrd8w==",
      "cpu": [
        "x64"
      ],
      "license": "MIT",
      "optional": true,
      "os": [
        "linux"
      ]
    },
    "node_modules/@oxlint/linux-x64-musl": {
      "version": "1.6.0",
      "resolved": "https://registry.npmjs.org/@oxlint/linux-x64-musl/-/linux-x64-musl-1.6.0.tgz",
      "integrity": "sha512-7KvMGdWmAZtAtg6IjoEJHKxTXdAcrHnUnqfgs0JpXst7trquV2mxBeRZusQXwxpu4HCSomKMvJfsp1qKaqSFDg==",
      "cpu": [
        "x64"
      ],
      "license": "MIT",
      "optional": true,
      "os": [
        "linux"
      ]
    },
    "node_modules/@oxlint/win32-arm64": {
      "version": "1.6.0",
      "resolved": "https://registry.npmjs.org/@oxlint/win32-arm64/-/win32-arm64-1.6.0.tgz",
      "integrity": "sha512-iSGC9RwX+dl7o5KFr5aH7Gq3nFbkq/3Gda6mxNPMvNkWrgXdIyiINxpyD8hJu566M+QSv1wEAu934BZotFDyoQ==",
      "cpu": [
        "arm64"
      ],
      "license": "MIT",
      "optional": true,
      "os": [
        "win32"
      ]
    },
    "node_modules/@oxlint/win32-x64": {
      "version": "1.6.0",
      "resolved": "https://registry.npmjs.org/@oxlint/win32-x64/-/win32-x64-1.6.0.tgz",
      "integrity": "sha512-jOj3L/gfLc0IwgOTkZMiZ5c673i/hbAmidlaylT0gE6H18hln9HxPgp5GCf4E4y6mwEJlW8QC5hQi221+9otdA==",
      "cpu": [
        "x64"
      ],
      "license": "MIT",
      "optional": true,
      "os": [
        "win32"
      ]
    },
    "node_modules/@sindresorhus/is": {
      "version": "4.6.0",
      "resolved": "https://registry.npmjs.org/@sindresorhus/is/-/is-4.6.0.tgz",
      "integrity": "sha512-t09vSN3MdfsyCHoFcTRCH/iUtG7OJ0CsjzB8cjAmKc/va/kIgeDI/TxsigdncE/4be734m0cvIYwNaV4i2XqAw==",
      "license": "MIT",
      "engines": {
        "node": ">=10"
      },
      "funding": {
        "url": "https://github.com/sindresorhus/is?sponsor=1"
      }
    },
    "node_modules/ansi-escapes": {
      "version": "4.3.2",
      "resolved": "https://registry.npmjs.org/ansi-escapes/-/ansi-escapes-4.3.2.tgz",
      "integrity": "sha512-gKXj5ALrKWQLsYG9jlTRmR/xKluxHV+Z9QEwNIgCfM1/uwPMCuzVVnh5mwTd+OuBZcwSIMbqssNWRm1lE51QaQ==",
      "license": "MIT",
      "dependencies": {
        "type-fest": "^0.21.3"
      },
      "engines": {
        "node": ">=8"
      },
      "funding": {
        "url": "https://github.com/sponsors/sindresorhus"
      }
    },
    "node_modules/ansi-regex": {
      "version": "5.0.1",
      "resolved": "https://registry.npmjs.org/ansi-regex/-/ansi-regex-5.0.1.tgz",
      "integrity": "sha512-quJQXlTSUGL2LH9SUXo8VwsY4soanhgo6LNSm84E1LBcE8s3O0wpdiRzyR9z/ZZJMlMWv37qOOb9pdJlMUEKFQ==",
      "license": "MIT",
      "engines": {
        "node": ">=8"
      }
    },
    "node_modules/ansi-styles": {
      "version": "4.3.0",
      "resolved": "https://registry.npmjs.org/ansi-styles/-/ansi-styles-4.3.0.tgz",
      "integrity": "sha512-zbB9rCJAT1rbjiVDb2hqKFHNYLxgtk8NURxZ3IZwD3F6NtxbXZQCnnSi1Lkx+IDohdPlFp222wVALIheZJQSEg==",
      "license": "MIT",
      "dependencies": {
        "color-convert": "^2.0.1"
      },
      "engines": {
        "node": ">=8"
      },
      "funding": {
        "url": "https://github.com/chalk/ansi-styles?sponsor=1"
      }
    },
    "node_modules/async.eachofseries": {
      "version": "0.5.2",
      "resolved": "https://registry.npmjs.org/async.eachofseries/-/async.eachofseries-0.5.2.tgz",
      "integrity": "sha1-naNK7/DTmV+UdQv5iv51OhEiAw0=",
      "dependencies": {
        "async.util.keyiterator": "0.5.2",
        "async.util.noop": "0.5.2",
        "async.util.once": "0.5.2",
        "async.util.onlyonce": "0.5.2",
        "async.util.setimmediate": "0.5.2"
      }
    },
    "node_modules/async.series": {
      "version": "0.5.2",
      "resolved": "https://registry.npmjs.org/async.series/-/async.series-0.5.2.tgz",
      "integrity": "sha512-k+fADGLQtZ2lk4Zuuj33IqPnYgdzr2uDEWNFmaGLZMUpljcirrv03S3yFCI3NXKQ1ky/gc3/MAPM1Tlk45uQvg==",
      "license": "MIT",
      "dependencies": {
        "async.eachofseries": "0.5.2",
        "async.util.parallel": "0.5.2"
      }
    },
    "node_modules/async.util.isarray": {
      "version": "0.5.2",
      "resolved": "https://registry.npmjs.org/async.util.isarray/-/async.util.isarray-0.5.2.tgz",
      "integrity": "sha1-5i2sjyY29lh13PdSHC0k0N+yu98="
    },
    "node_modules/async.util.isarraylike": {
      "version": "0.5.2",
      "resolved": "https://registry.npmjs.org/async.util.isarraylike/-/async.util.isarraylike-0.5.2.tgz",
      "integrity": "sha1-jn+H2pFB8vCZboBAR30NTv4/UPg=",
      "dependencies": {
        "async.util.isarray": "0.5.2"
      }
    },
    "node_modules/async.util.keyiterator": {
      "version": "0.5.2",
      "resolved": "https://registry.npmjs.org/async.util.keyiterator/-/async.util.keyiterator-0.5.2.tgz",
      "integrity": "sha1-M55s6PidAAQz+3gU4ico8/F1CQ0=",
      "dependencies": {
        "async.util.isarraylike": "0.5.2",
        "async.util.keys": "0.5.2"
      }
    },
    "node_modules/async.util.keys": {
      "version": "0.5.2",
      "resolved": "https://registry.npmjs.org/async.util.keys/-/async.util.keys-0.5.2.tgz",
      "integrity": "sha1-XDTd2KPtt6eIPJtf4hJngbIJivY="
    },
    "node_modules/async.util.noop": {
      "version": "0.5.2",
      "resolved": "https://registry.npmjs.org/async.util.noop/-/async.util.noop-0.5.2.tgz",
      "integrity": "sha1-vdYrl8sKo/YLWGrRSEaGmJdeWLk="
    },
    "node_modules/async.util.once": {
      "version": "0.5.2",
      "resolved": "https://registry.npmjs.org/async.util.once/-/async.util.once-0.5.2.tgz",
      "integrity": "sha1-FFPLdATK0IImlPq6vEepblyqchY="
    },
    "node_modules/async.util.onlyonce": {
      "version": "0.5.2",
      "resolved": "https://registry.npmjs.org/async.util.onlyonce/-/async.util.onlyonce-0.5.2.tgz",
      "integrity": "sha1-uOb8AErckjFk154y8oE+5GXCT/I="
    },
    "node_modules/async.util.parallel": {
      "version": "0.5.2",
      "resolved": "https://registry.npmjs.org/async.util.parallel/-/async.util.parallel-0.5.2.tgz",
      "integrity": "sha1-IzUk49b6/9XplddUdrjZJPloCM0=",
      "dependencies": {
        "async.util.isarraylike": "0.5.2",
        "async.util.noop": "0.5.2",
        "async.util.restparam": "0.5.2"
      }
    },
    "node_modules/async.util.restparam": {
      "version": "0.5.2",
      "resolved": "https://registry.npmjs.org/async.util.restparam/-/async.util.restparam-0.5.2.tgz",
      "integrity": "sha1-A+/r88Ane5ciDlJaunUPXgT8gM0="
    },
    "node_modules/async.util.setimmediate": {
      "version": "0.5.2",
      "resolved": "https://registry.npmjs.org/async.util.setimmediate/-/async.util.setimmediate-0.5.2.tgz",
      "integrity": "sha1-KBLrq/KlgCd1jUvHeT0cz68QJV8="
    },
    "node_modules/char-regex": {
      "version": "1.0.2",
      "resolved": "https://registry.npmjs.org/char-regex/-/char-regex-1.0.2.tgz",
      "integrity": "sha512-kWWXztvZ5SBQV+eRgKFeh8q5sLuZY2+8WUIzlxWVTg+oGwY14qylx1KbKzHd8P6ZYkAg0xyIDU9JMHhyJMZ1jw==",
      "license": "MIT",
      "engines": {
        "node": ">=10"
      }
    },
    "node_modules/chardet": {
      "version": "0.7.0",
      "resolved": "https://registry.npmjs.org/chardet/-/chardet-0.7.0.tgz",
      "integrity": "sha512-mT8iDcrh03qDGRRmoA2hmBJnxpllMR+0/0qlzjqZES6NdiWDcZkCNAk4rPFZ9Q85r27unkiNNg8ZOiwZXBHwcA==",
      "license": "MIT"
    },
    "node_modules/cli-width": {
      "version": "4.1.0",
      "resolved": "https://registry.npmjs.org/cli-width/-/cli-width-4.1.0.tgz",
      "integrity": "sha512-ouuZd4/dm2Sw5Gmqy6bGyNNNe1qt9RpmxveLSO7KcgsTnU7RXfsw+/bukWGo1abgBiMAic068rclZsO4IWmmxQ==",
      "license": "ISC",
      "engines": {
        "node": ">= 12"
      }
    },
    "node_modules/color-convert": {
      "version": "2.0.1",
      "resolved": "https://registry.npmjs.org/color-convert/-/color-convert-2.0.1.tgz",
      "integrity": "sha512-RRECPsj7iu/xb5oKYcsFHSppFNnsj/52OVTRKb4zP5onXwVF3zVmmToNcOfGC+CRDpfK/U584fMg38ZHCaElKQ==",
      "license": "MIT",
      "dependencies": {
        "color-name": "~1.1.4"
      },
      "engines": {
        "node": ">=7.0.0"
      }
    },
    "node_modules/color-name": {
      "version": "1.1.4",
      "resolved": "https://registry.npmjs.org/color-name/-/color-name-1.1.4.tgz",
      "integrity": "sha512-dOy+3AuW3a2wNbZHIuMZpTcgjGuLU/uBL/ubcZF9OXbDo8ff4O8yVp5Bf0efS8uEoYo5q4Fx7dY9OgQGXgAsQA==",
      "license": "MIT"
    },
    "node_modules/emoji-regex": {
      "version": "8.0.0",
      "resolved": "https://registry.npmjs.org/emoji-regex/-/emoji-regex-8.0.0.tgz",
      "integrity": "sha512-MSjYzcWNOA0ewAHpz0MxpYFvwg6yjy1NG3xteoqz644VCo/RPgnr1/GGt+ic3iJTzQ8Eu3TdM14SawnVUmGE6A==",
      "license": "MIT"
    },
    "node_modules/emojilib": {
      "version": "2.4.0",
      "resolved": "https://registry.npmjs.org/emojilib/-/emojilib-2.4.0.tgz",
      "integrity": "sha512-5U0rVMU5Y2n2+ykNLQqMoqklN9ICBT/KsvC1Gz6vqHbz2AXXGkG+Pm5rMWk/8Vjrr/mY9985Hi8DYzn1F09Nyw==",
      "license": "MIT"
    },
    "node_modules/external-editor": {
      "version": "3.1.0",
      "resolved": "https://registry.npmjs.org/external-editor/-/external-editor-3.1.0.tgz",
      "integrity": "sha512-hMQ4CX1p1izmuLYyZqLMO/qGNw10wSv9QDCPfzXfyFrOaCSSoRfqE1Kf1s5an66J5JZC62NewG+mK49jOCtQew==",
      "license": "MIT",
      "dependencies": {
        "chardet": "^0.7.0",
        "iconv-lite": "^0.4.24",
        "tmp": "^0.0.33"
      },
      "engines": {
        "node": ">=4"
      }
    },
    "node_modules/iconv-lite": {
      "version": "0.4.24",
      "resolved": "https://registry.npmjs.org/iconv-lite/-/iconv-lite-0.4.24.tgz",
      "integrity": "sha512-v3MXnZAcvnywkTUEZomIActle7RXXeedOR31wwl7VlyoXO4Qi9arvSenNQWne1TcRwhCL1HwLI21bEqdpj8/rA==",
      "license": "MIT",
      "dependencies": {
        "safer-buffer": ">= 2.1.2 < 3"
      },
      "engines": {
        "node": ">=0.10.0"
      }
    },
    "node_modules/inquirer": {
      "version": "12.7.0",
      "resolved": "https://registry.npmjs.org/inquirer/-/inquirer-12.7.0.tgz",
      "integrity": "sha512-KKFRc++IONSyE2UYw9CJ1V0IWx5yQKomwB+pp3cWomWs+v2+ZsG11G2OVfAjFS6WWCppKw+RfKmpqGfSzD5QBQ==",
      "license": "MIT",
      "dependencies": {
        "@inquirer/core": "^10.1.14",
        "@inquirer/prompts": "^7.6.0",
        "@inquirer/type": "^3.0.7",
        "ansi-escapes": "^4.3.2",
        "mute-stream": "^2.0.0",
        "run-async": "^4.0.4",
        "rxjs": "^7.8.2"
      },
      "engines": {
        "node": ">=18"
      },
      "peerDependencies": {
        "@types/node": ">=18"
      },
      "peerDependenciesMeta": {
        "@types/node": {
          "optional": true
        }
      }
    },
    "node_modules/is-fullwidth-code-point": {
      "version": "3.0.0",
      "resolved": "https://registry.npmjs.org/is-fullwidth-code-point/-/is-fullwidth-code-point-3.0.0.tgz",
      "integrity": "sha512-zymm5+u+sCsSWyD9qNaejV3DFvhCKclKdizYaJUuHA83RLjb7nSuGnddCHGv0hk+KY7BMAlsWeK4Ueg6EV6XQg==",
      "license": "MIT",
      "engines": {
        "node": ">=8"
      }
    },
    "node_modules/mute-stream": {
      "version": "2.0.0",
      "resolved": "https://registry.npmjs.org/mute-stream/-/mute-stream-2.0.0.tgz",
      "integrity": "sha512-WWdIxpyjEn+FhQJQQv9aQAYlHoNVdzIzUySNV1gHUPDSdZJ3yZn7pAAbQcV7B56Mvu881q9FZV+0Vx2xC44VWA==",
      "license": "ISC",
      "engines": {
        "node": "^18.17.0 || >=20.5.0"
      }
    },
    "node_modules/node-emoji": {
      "version": "2.2.0",
      "resolved": "https://registry.npmjs.org/node-emoji/-/node-emoji-2.2.0.tgz",
      "integrity": "sha512-Z3lTE9pLaJF47NyMhd4ww1yFTAP8YhYI8SleJiHzM46Fgpm5cnNzSl9XfzFNqbaz+VlJrIj3fXQ4DeN1Rjm6cw==",
      "license": "MIT",
      "dependencies": {
        "@sindresorhus/is": "^4.6.0",
        "char-regex": "^1.0.2",
        "emojilib": "^2.4.0",
        "skin-tone": "^2.0.0"
      },
      "engines": {
        "node": ">=18"
      }
    },
    "node_modules/os-tmpdir": {
      "version": "1.0.2",
      "resolved": "https://registry.npmjs.org/os-tmpdir/-/os-tmpdir-1.0.2.tgz",
      "integrity": "sha512-D2FR03Vir7FIu45XBY20mTb+/ZSWB00sjU9jdQXt83gDrI4Ztz5Fs7/yy74g2N5SVQY4xY1qDr4rNddwYRVX0g==",
      "license": "MIT",
      "engines": {
        "node": ">=0.10.0"
      }
    },
    "node_modules/oxlint": {
      "version": "1.6.0",
      "resolved": "https://registry.npmjs.org/oxlint/-/oxlint-1.6.0.tgz",
      "integrity": "sha512-jtaD65PqzIa1udvSxxscTKBxYKuZoFXyKGLiU1Qjo1ulq3uv/fQDtoV1yey1FrQZrQjACGPi1Widsy1TucC7Jg==",
      "license": "MIT",
      "bin": {
        "oxc_language_server": "bin/oxc_language_server",
        "oxlint": "bin/oxlint"
      },
      "engines": {
        "node": ">=8.*"
      },
      "funding": {
        "url": "https://github.com/sponsors/Boshen"
      },
      "optionalDependencies": {
        "@oxlint/darwin-arm64": "1.6.0",
        "@oxlint/darwin-x64": "1.6.0",
        "@oxlint/linux-arm64-gnu": "1.6.0",
        "@oxlint/linux-arm64-musl": "1.6.0",
        "@oxlint/linux-x64-gnu": "1.6.0",
        "@oxlint/linux-x64-musl": "1.6.0",
        "@oxlint/win32-arm64": "1.6.0",
        "@oxlint/win32-x64": "1.6.0"
      }
    },
    "node_modules/prettier": {
      "version": "3.6.2",
      "resolved": "https://registry.npmjs.org/prettier/-/prettier-3.6.2.tgz",
      "integrity": "sha512-I7AIg5boAr5R0FFtJ6rCfD+LFsWHp81dolrFD8S79U9tb8Az2nGrJncnMSnys+bpQJfRUzqs9hnA81OAA3hCuQ==",
      "license": "MIT",
      "bin": {
        "prettier": "bin/prettier.cjs"
      },
      "engines": {
        "node": ">=14"
      },
      "funding": {
        "url": "https://github.com/prettier/prettier?sponsor=1"
      }
    },
    "node_modules/run-async": {
      "version": "4.0.4",
      "resolved": "https://registry.npmjs.org/run-async/-/run-async-4.0.4.tgz",
      "integrity": "sha512-2cgeRHnV11lSXBEhq7sN7a5UVjTKm9JTb9x8ApIT//16D7QL96AgnNeWSGoB4gIHc0iYw/Ha0Z+waBaCYZVNhg==",
      "license": "MIT",
      "dependencies": {
        "oxlint": "^1.2.0",
        "prettier": "^3.5.3"
      },
      "engines": {
        "node": ">=0.12.0"
      }
    },
    "node_modules/rxjs": {
      "version": "7.8.2",
      "resolved": "https://registry.npmjs.org/rxjs/-/rxjs-7.8.2.tgz",
      "integrity": "sha512-dhKf903U/PQZY6boNNtAGdWbG85WAbjT/1xYoZIC7FAY0yWapOBQVsVrDl58W86//e1VpMNBtRV4MaXfdMySFA==",
      "license": "Apache-2.0",
      "dependencies": {
        "tslib": "^2.1.0"
      }
    },
    "node_modules/safer-buffer": {
      "version": "2.1.2",
      "resolved": "https://registry.npmjs.org/safer-buffer/-/safer-buffer-2.1.2.tgz",
      "integrity": "sha512-YZo3K82SD7Riyi0E1EQPojLz7kpepnSQI9IyPbHHg1XXXevb5dJI7tpyN2ADxGcQbHG7vcyRHk0cbwqcQriUtg==",
      "license": "MIT"
    },
    "node_modules/signal-exit": {
      "version": "4.1.0",
      "resolved": "https://registry.npmjs.org/signal-exit/-/signal-exit-4.1.0.tgz",
      "integrity": "sha512-bzyZ1e88w9O1iNJbKnOlvYTrWPDl46O1bG0D3XInv+9tkPrxrN8jUUTiFlDkkmKWgn1M6CfIA13SuGqOa9Korw==",
      "license": "ISC",
      "engines": {
        "node": ">=14"
      },
      "funding": {
        "url": "https://github.com/sponsors/isaacs"
      }
    },
    "node_modules/skin-tone": {
      "version": "2.0.0",
      "resolved": "https://registry.npmjs.org/skin-tone/-/skin-tone-2.0.0.tgz",
      "integrity": "sha512-kUMbT1oBJCpgrnKoSr0o6wPtvRWT9W9UKvGLwfJYO2WuahZRHOpEyL1ckyMGgMWh0UdpmaoFqKKD29WTomNEGA==",
      "license": "MIT",
      "dependencies": {
        "unicode-emoji-modifier-base": "^1.0.0"
      },
      "engines": {
        "node": ">=8"
      }
    },
    "node_modules/string-width": {
      "version": "4.2.3",
      "resolved": "https://registry.npmjs.org/string-width/-/string-width-4.2.3.tgz",
      "integrity": "sha512-wKyQRQpjJ0sIp62ErSZdGsjMJWsap5oRNihHhu6G7JVO/9jIB6UyevL+tXuOqrng8j/cxKTWyWUwvSTriiZz/g==",
      "license": "MIT",
      "dependencies": {
        "emoji-regex": "^8.0.0",
        "is-fullwidth-code-point": "^3.0.0",
        "strip-ansi": "^6.0.1"
      },
      "engines": {
        "node": ">=8"
      }
    },
    "node_modules/strip-ansi": {
      "version": "6.0.1",
      "resolved": "https://registry.npmjs.org/strip-ansi/-/strip-ansi-6.0.1.tgz",
      "integrity": "sha512-Y38VPSHcqkFrCpFnQ9vuSXmquuv5oXOKpGeT6aGrr3o3Gc9AlVa6JBfUSOCnbxGGZF+/0ooI7KrPuUSztUdU5A==",
      "license": "MIT",
      "dependencies": {
        "ansi-regex": "^5.0.1"
      },
      "engines": {
        "node": ">=8"
      }
    },
    "node_modules/tmp": {
      "version": "0.0.33",
      "resolved": "https://registry.npmjs.org/tmp/-/tmp-0.0.33.tgz",
      "integrity": "sha512-jRCJlojKnZ3addtTOjdIqoRuPEKBvNXcGYqzO6zWZX8KfKEpnGY5jfggJQ3EjKuu8D4bJRr0y+cYJFmYbImXGw==",
      "license": "MIT",
      "dependencies": {
        "os-tmpdir": "~1.0.2"
      },
      "engines": {
        "node": ">=0.6.0"
      }
    },
    "node_modules/tslib": {
      "version": "2.8.1",
      "resolved": "https://registry.npmjs.org/tslib/-/tslib-2.8.1.tgz",
      "integrity": "sha512-oJFu94HQb+KVduSUQL7wnpmqnfmLsOA/nAh6b6EH0wCEoK0/mPeXU6c3wKDV83MkOuHPRHtSXKKU99IBazS/2w==",
      "license": "0BSD"
    },
    "node_modules/type-fest": {
      "version": "0.21.3",
      "resolved": "https://registry.npmjs.org/type-fest/-/type-fest-0.21.3.tgz",
      "integrity": "sha512-t0rzBq87m3fVcduHDUFhKmyyX+9eo6WQjZvf51Ea/M0Q7+T374Jp1aUiyUl0GKxp8M/OETVHSDvmkyPgvX+X2w==",
      "license": "(MIT OR CC0-1.0)",
      "engines": {
        "node": ">=10"
      },
      "funding": {
        "url": "https://github.com/sponsors/sindresorhus"
      }
    },
    "node_modules/unicode-emoji-modifier-base": {
      "version": "1.0.0",
      "resolved": "https://registry.npmjs.org/unicode-emoji-modifier-base/-/unicode-emoji-modifier-base-1.0.0.tgz",
      "integrity": "sha512-yLSH4py7oFH3oG/9K+XWrz1pSi3dfUrWEnInbxMfArOfc1+33BlGPQtLsOYwvdMy11AwUBetYuaRxSPqgkq+8g==",
      "license": "MIT",
      "engines": {
        "node": ">=4"
      }
    },
    "node_modules/wrap-ansi": {
      "version": "6.2.0",
      "resolved": "https://registry.npmjs.org/wrap-ansi/-/wrap-ansi-6.2.0.tgz",
      "integrity": "sha512-r6lPcBGxZXlIcymEu7InxDMhdW0KDxpLgoFLcguasxCaJ/SOIZwINatK9KY/tf+ZrlywOKU0UDj3ATXUBfxJXA==",
      "license": "MIT",
      "dependencies": {
        "ansi-styles": "^4.0.0",
        "string-width": "^4.1.0",
        "strip-ansi": "^6.0.0"
      },
      "engines": {
        "node": ">=8"
      }
    },
    "node_modules/yoctocolors-cjs": {
      "version": "2.1.2",
      "resolved": "https://registry.npmjs.org/yoctocolors-cjs/-/yoctocolors-cjs-2.1.2.tgz",
      "integrity": "sha512-cYVsTjKl8b+FrnidjibDWskAv7UKOfcwaVZdp/it9n1s9fU3IkgDbhdIRKCW4JDsAlECJY0ytoVPT3sK6kideA==",
      "license": "MIT",
      "engines": {
        "node": ">=18"
      },
      "funding": {
        "url": "https://github.com/sponsors/sindresorhus"
      }
    }
  }
}
