{
    "_readme": [
        "This file locks the dependencies of your project to a known state",
        "Read more about it at http://getcomposer.org/doc/01-basic-usage.md#composer-lock-the-lock-file",
        "This file is @generated automatically"
    ],
    "hash": "91e51b0843c73951c56525e427e2e52e",
    "packages": [
        {
            "name": "rodneyrehm/plist",
            "version": "v2.0",
            "source": {
                "type": "git",
                "url": "https://github.com/rodneyrehm/CFPropertyList.git",
                "reference": "a59040c1c86188eec89de43f8827b42a0bd36028"
            },
            "dist": {
                "type": "zip",
                "url": "https://api.github.com/repos/rodneyrehm/CFPropertyList/zipball/a59040c1c86188eec89de43f8827b42a0bd36028",
                "reference": "a59040c1c86188eec89de43f8827b42a0bd36028",
                "shasum": ""
            },
            "require": {
                "php": ">=5.3"
            },
            "type": "library",
            "autoload": {
                "psr-0": {
                    "CFPropertyList": "classes/"
                }
            },
            "notification-url": "https://packagist.org/downloads/",
            "license": [
                "MIT"
            ],
            "authors": [
                {
                    "name": "Christian Kruse",
                    "email": "cjk@wwwtech.de"
                },
                {
                    "name": "Rodney Rehm",
                    "email": "mail+github@rodneyrehm.de"
                }
            ],
            "description": "Library for reading and writing Apple's CFPropertyList (plist) files in XML as well as binary format.",
            "homepage": "https://github.com/rodneyrehm/CFPropertyList",
            "keywords": [
                "plist"
            ],
            "time": "2012-07-22 10:57:41"
        }
    ],
    "packages-dev": [

    ],
    "aliases": [

    ],
    "minimum-stability": "stable",
    "stability-flags": [

    ],
    "prefer-stable": false,
    "platform": [

    ],
    "platform-dev": [

    ]
}
